
Microsoft Visual Studio Solution File, Format Version 12.00
# Visual Studio 15
VisualStudioVersion = 15.0.27703.2026
MinimumVisualStudioVersion = 10.0.40219.1
Project("{FAE04EC0-301F-11D3-BF4B-00C04F79EFBC}") = "InventorySystem", "InventorySystem\InventorySystem.csproj", "{53398780-4B30-4992-9A5F-41833A4FE072}"
EndProject
Global
	GlobalSection(SolutionConfigurationPlatforms) = preSolution
		Debug|Any CPU = Debug|Any CPU
		Release|Any CPU = Release|Any CPU
	EndGlobalSection
	GlobalSection(ProjectConfigurationPlatforms) = postSolution
		{53398780-4B30-4992-9A5F-41833A4FE072}.Debug|Any CPU.ActiveCfg = Debug|Any CPU
		{53398780-4B30-4992-9A5F-41833A4FE072}.Debug|Any CPU.Build.0 = Debug|Any CPU
		{53398780-4B30-4992-9A5F-41833A4FE072}.Release|Any CPU.ActiveCfg = Release|Any CPU
		{53398780-4B30-4992-9A5F-41833A4FE072}.Release|Any CPU.Build.0 = Release|Any CPU
	EndGlobalSection
	GlobalSection(SolutionProperties) = preSolution
		HideSolutionNode = FALSE
	EndGlobalSection
	GlobalSection(ExtensibilityGlobals) = postSolution
		SolutionGuid = {D9F78795-CAA6-49F6-BE0F-45BF40930AA6}
	EndGlobalSection
EndGlobal
